lockfileVersion: '9.0'

settings:
  autoInstallPeers: true
  excludeLinksFromLockfile: false

importers:

  .:
    dependencies:
      pdfjs-dist:
        specifier: 6.1.200
        version: 6.1.200

packages:

  '@napi-rs/canvas-android-arm64@1.0.3':
    resolution: {integrity: sha512-7kSCdUhoXiO+AaIMXdBGdtp6EctZNkmF62Rea/BmVQlwKaM3bBhOzyGUzxyxz9dv5vdBfpyAaxhSRSJF4kqK4A==}
    engines: {node: '>= 10'}
    cpu: [arm64]
    os: [android]

  '@napi-rs/canvas-darwin-arm64@1.0.3':
    resolution: {integrity: sha512-ds14V1BPagLszQyaDTeggny5fNeTCqsUQ5QhFj9VDxSEfzrVxXtdbR0LoFyKa0Siaaw8KvqSk4t7k/WoZJwvbg==}
    engines: {node: '>= 10'}
    cpu: [arm64]
    os: [darwin]

  '@napi-rs/canvas-darwin-x64@1.0.3':
    resolution: {integrity: sha512-qof3LRAAycmkV2I1izZo9RoSHF8kCQr5O05sFwv0jK8rSdYV6KHVwimo6Qb7RxZj40WHKbLHm5JDaUF0o5XUAA==}
    engines: {node: '>= 10'}
    cpu: [x64]
    os: [darwin]

  '@napi-rs/canvas-linux-arm-gnueabihf@1.0.3':
    resolution: {integrity: sha512-FU2kKZLmolHA9+KcUA+l1+xH3WTLUUTQDU/kLv9SEUr2TrRPu94aytOeizFJDHPs/QBcw4QL1mCQhetQXYBbag==}
    engines: {node: '>= 10'}
    cpu: [arm]
    os: [linux]

  '@napi-rs/canvas-linux-arm64-gnu@1.0.3':
    resolution: {integrity: sha512-GVSjntxKeA+/y/ZKf1F+cmUw1WeIkE5aMRPqnZUlBTBvBcrvgWccJAWuYCKPX4QJQwZILIIwhgdAbl51yj6fpA==}
    engines: {node: '>= 10'}
    cpu: [arm64]
    os: [linux]
    libc: [glibc]

  '@napi-rs/canvas-linux-arm64-musl@1.0.3':
    resolution: {integrity: sha512-J51oK/axyZ13kxycumSMfLiDZMdWdOVvqDFI28BpuViZHE3A0bQfr8B5vg8YnPEnqLD3BSn1hkdlh2buspEcNQ==}
    engines: {node: '>= 10'}
    cpu: [arm64]
    os: [linux]
    libc: [musl]

  '@napi-rs/canvas-linux-riscv64-gnu@1.0.3':
    resolution: {integrity: sha512-CtQgQjoVTX67jS9XuCTtJ40Sl7wRLMguoFnnGnfDmCWf7kzKFZVwj5ynqUOIGKFMSB61ZCuQlwPvVNxYTTseaw==}
    engines: {node: '>= 10'}
    cpu: [riscv64]
    os: [linux]
    libc: [glibc]

  '@napi-rs/canvas-linux-x64-gnu@1.0.3':
    resolution: {integrity: sha512-jtfzAHFp+FRaR7zGT4jyCe6wUgAG/dVb5A4Apd8FY9jKarntDfUAlJXscugiH7ZF5kKnu7/lHFk9LaDPcrGEVQ==}
    engines: {node: '>= 10'}
    cpu: [x64]
    os: [linux]
    libc: [glibc]

  '@napi-rs/canvas-linux-x64-musl@1.0.3':
    resolution: {integrity: sha512-xTzaUCKUHTY4bCGadeeRZggbRVbGUT1petg7Z8r9AJR2+D9Bqu6nQAgqBGC6D47tA70LjaaaLTrJ7wNY1T74dg==}
    engines: {node: '>= 10'}
    cpu: [x64]
    os: [linux]
    libc: [musl]

  '@napi-rs/canvas-win32-arm64-msvc@1.0.3':
    resolution: {integrity: sha512-ktVLuBkI6QVOm5BwO/WbdGwxgeetAMJa7TTmR8qBarXF0OU2NKjvjUtPJAl2y8t+zBRczJl/1VOl9gua6WcK2g==}
    engines: {node: '>= 10'}
    cpu: [arm64]
    os: [win32]

  '@napi-rs/canvas-win32-x64-msvc@1.0.3':
    resolution: {integrity: sha512-SGhlQ8bDjL1Cz2KnsKMasr/5sTcwG/SZkB6WCJxLsmSm/3aS2C+3p39bA7iZ2/94+NkVDySZfbiGoaSZSFHYxA==}
    engines: {node: '>= 10'}
    cpu: [x64]
    os: [win32]

  '@napi-rs/canvas@1.0.3':
    resolution: {integrity: sha512-OlI657a5XXvKGFX7kNeIzJ8rO7IXt87Mqu2H8rXE46viAuOfum/JA7ysX7+eBhxNKznT+RCZh418mndlcFX3+w==}
    engines: {node: '>= 10'}

  pdfjs-dist@6.1.200:
    resolution: {integrity: sha512-o8MolyzirkkLrcdsae/HEOiIcXWI7DS5zGpvqW8xTC2YUsW30rltFw2bDGvw/fskUdEMrQm2br68jzDS5BH2vw==}
    engines: {node: '>=22.13.0 || >=24'}

snapshots:

  '@napi-rs/canvas-android-arm64@1.0.3':
    optional: true

  '@napi-rs/canvas-darwin-arm64@1.0.3':
    optional: true

  '@napi-rs/canvas-darwin-x64@1.0.3':
    optional: true

  '@napi-rs/canvas-linux-arm-gnueabihf@1.0.3':
    optional: true

  '@napi-rs/canvas-linux-arm64-gnu@1.0.3':
    optional: true

  '@napi-rs/canvas-linux-arm64-musl@1.0.3':
    optional: true

  '@napi-rs/canvas-linux-riscv64-gnu@1.0.3':
    optional: true

  '@napi-rs/canvas-linux-x64-gnu@1.0.3':
    optional: true

  '@napi-rs/canvas-linux-x64-musl@1.0.3':
    optional: true

  '@napi-rs/canvas-win32-arm64-msvc@1.0.3':
    optional: true

  '@napi-rs/canvas-win32-x64-msvc@1.0.3':
    optional: true

  '@napi-rs/canvas@1.0.3':
    optionalDependencies:
      '@napi-rs/canvas-android-arm64': 1.0.3
      '@napi-rs/canvas-darwin-arm64': 1.0.3
      '@napi-rs/canvas-darwin-x64': 1.0.3
      '@napi-rs/canvas-linux-arm-gnueabihf': 1.0.3
      '@napi-rs/canvas-linux-arm64-gnu': 1.0.3
      '@napi-rs/canvas-linux-arm64-musl': 1.0.3
      '@napi-rs/canvas-linux-riscv64-gnu': 1.0.3
      '@napi-rs/canvas-linux-x64-gnu': 1.0.3
      '@napi-rs/canvas-linux-x64-musl': 1.0.3
      '@napi-rs/canvas-win32-arm64-msvc': 1.0.3
      '@napi-rs/canvas-win32-x64-msvc': 1.0.3
    optional: true

  pdfjs-dist@6.1.200:
    optionalDependencies:
      '@napi-rs/canvas': 1.0.3
